// !$*UTF8*$!
{
	archiveVersion = 1;
	classes = {
	};
	objectVersion = 52;
	objects = {

/* Begin PBXBuildFile section */
		1A2209AD25CF2BE9004E6761 /* HeroCellViewModel.swift in Sources */ = {isa = PBXBuildFile; fileRef = 1A2209AC25CF2BE9004E6761 /* HeroCellViewModel.swift */; };
		1A2209B025CF3144004E6761 /* NavigationLazyView.swift in Sources */ = {isa = PBXBuildFile; fileRef = 1A2209AF25CF3144004E6761 /* NavigationLazyView.swift */; };
		1A2209B325CF31A3004E6761 /* HeroDetailView.swift in Sources */ = {isa = PBXBuildFile; fileRef = 1A2209B225CF31A3004E6761 /* HeroDetailView.swift */; };
		1A5B305425CF041900A1BDC5 /* DotaHeroesApp.swift in Sources */ = {isa = PBXBuildFile; fileRef = 1A5B305325CF041900A1BDC5 /* DotaHeroesApp.swift */; };
		1A5B305825CF041900A1BDC5 /* Assets.xcassets in Resources */ = {isa = PBXBuildFile; fileRef = 1A5B305725CF041900A1BDC5 /* Assets.xcassets */; };
		1A5B305B25CF041900A1BDC5 /* Preview Assets.xcassets in Resources */ = {isa = PBXBuildFile; fileRef = 1A5B305A25CF041900A1BDC5 /* Preview Assets.xcassets */; };
		1A5B306825CF04C400A1BDC5 /* Hero.swift in Sources */ = {isa = PBXBuildFile; fileRef = 1A5B306725CF04C400A1BDC5 /* Hero.swift */; };
		1A5B308325CF1F8800A1BDC5 /* HeroViewModel.swift in Sources */ = {isa = PBXBuildFile; fileRef = 1A5B308225CF1F8800A1BDC5 /* HeroViewModel.swift */; };
		1A5B308725CF218100A1BDC5 /* HeroCell.swift in Sources */ = {isa = PBXBuildFile; fileRef = 1A5B308625CF218100A1BDC5 /* HeroCell.swift */; };
		1A5B308D25CF228E00A1BDC5 /* SDWebImageSwiftUI in Frameworks */ = {isa = PBXBuildFile; productRef = 1A5B308C25CF228E00A1BDC5 /* SDWebImageSwiftUI */; };
		1A9DB43625CF265800319FB4 /* HeroesMainView.swift in Sources */ = {isa = PBXBuildFile; fileRef = 1A9DB43525CF265800319FB4 /* HeroesMainView.swift */; };
		1AA1ADEE25D04A2B0041948C /* BarViews.swift in Sources */ = {isa = PBXBuildFile; fileRef = 1AA1ADED25D04A2B0041948C /* BarViews.swift */; };
		1ABB0EFC25D05E2D00145442 /* HeroFilterButton.swift in Sources */ = {isa = PBXBuildFile; fileRef = 1ABB0EFB25D05E2D00145442 /* HeroFilterButton.swift */; };
		1ABB0EFF25D0723F00145442 /* SearchBar.swift in Sources */ = {isa = PBXBuildFile; fileRef = 1ABB0EFE25D0723F00145442 /* SearchBar.swift */; };
/* End PBXBuildFile section */

/* Begin PBXFileReference section */
		1A2209AC25CF2BE9004E6761 /* HeroCellViewModel.swift */ = {isa = PBXFileReference; lastKnownFileType = sourcecode.swift; path = HeroCellViewModel.swift; sourceTree = "<group>"; };
		1A2209AF25CF3144004E6761 /* NavigationLazyView.swift */ = {isa = PBXFileReference; lastKnownFileType = sourcecode.swift; path = NavigationLazyView.swift; sourceTree = "<group>"; };
		1A2209B225CF31A3004E6761 /* HeroDetailView.swift */ = {isa = PBXFileReference; lastKnownFileType = sourcecode.swift; path = HeroDetailView.swift; sourceTree = "<group>"; };
		1A5B305025CF041900A1BDC5 /* DotaHeroes.app */ = {isa = PBXFileReference; explicitFileType = wrapper.application; includeInIndex = 0; path = DotaHeroes.app; sourceTree = BUILT_PRODUCTS_DIR; };
		1A5B305325CF041900A1BDC5 /* DotaHeroesApp.swift */ = {isa = PBXFileReference; lastKnownFileType = sourcecode.swift; path = DotaHeroesApp.swift; sourceTree = "<group>"; };
		1A5B305725CF041900A1BDC5 /* Assets.xcassets */ = {isa = PBXFileReference; lastKnownFileType = folder.assetcatalog; path = Assets.xcassets; sourceTree = "<group>"; };
		1A5B305A25CF041900A1BDC5 /* Preview Assets.xcassets */ = {isa = PBXFileReference; lastKnownFileType = folder.assetcatalog; path = "Preview Assets.xcassets"; sourceTree = "<group>"; };
		1A5B305C25CF041900A1BDC5 /* Info.plist */ = {isa = PBXFileReference; lastKnownFileType = text.plist.xml; path = Info.plist; sourceTree = "<group>"; };
		1A5B306725CF04C400A1BDC5 /* Hero.swift */ = {isa = PBXFileReference; lastKnownFileType = sourcecode.swift; path = Hero.swift; sourceTree = "<group>"; };
		1A5B308225CF1F8800A1BDC5 /* HeroViewModel.swift */ = {isa = PBXFileReference; lastKnownFileType = sourcecode.swift; path = HeroViewModel.swift; sourceTree = "<group>"; };
		1A5B308625CF218100A1BDC5 /* HeroCell.swift */ = {isa = PBXFileReference; lastKnownFileType = sourcecode.swift; path = HeroCell.swift; sourceTree = "<group>"; };
		1A9DB43525CF265800319FB4 /* HeroesMainView.swift */ = {isa = PBXFileReference; lastKnownFileType = sourcecode.swift; path = HeroesMainView.swift; sourceTree = "<group>"; };
		1AA1ADED25D04A2B0041948C /* BarViews.swift */ = {isa = PBXFileReference; lastKnownFileType = sourcecode.swift; path = BarViews.swift; sourceTree = "<group>"; };
		1ABB0EFB25D05E2D00145442 /* HeroFilterButton.swift */ = {isa = PBXFileReference; lastKnownFileType = sourcecode.swift; path = HeroFilterButton.swift; sourceTree = "<group>"; };
		1ABB0EFE25D0723F00145442 /* SearchBar.swift */ = {isa = PBXFileReference; fileEncoding = 4; lastKnownFileType = sourcecode.swift; path = SearchBar.swift; sourceTree = "<group>"; };
/* End PBXFileReference section */

/* Begin PBXFrameworksBuildPhase section */
		1A5B304D25CF041900A1BDC5 /* Frameworks */ = {
			isa = PBXFrameworksBuildPhase;
			buildActionMask = 2147483647;
			files = (
				1A5B308D25CF228E00A1BDC5 /* SDWebImageSwiftUI in Frameworks */,
			);
			runOnlyForDeploymentPostprocessing = 0;
		};
/* End PBXFrameworksBuildPhase section */

/* Begin PBXGroup section */
		1A5B304725CF041900A1BDC5 = {
			isa = PBXGroup;
			children = (
				1A5B305225CF041900A1BDC5 /* DotaHeroes */,
				1A5B305125CF041900A1BDC5 /* Products */,
			);
			sourceTree = "<group>";
		};
		1A5B305125CF041900A1BDC5 /* Products */ = {
			isa = PBXGroup;
			children = (
				1A5B305025CF041900A1BDC5 /* DotaHeroes.app */,
			);
			name = Products;
			sourceTree = "<group>";
		};
		1A5B305225CF041900A1BDC5 /* DotaHeroes */ = {
			isa = PBXGroup;
			children = (
				1A7AAB9825CF2AB500662058 /* Model */,
				1A7AAB9725CF2AB200662058 /* View */,
				1A7AAB9625CF2AB000662058 /* ViewModel */,
				1A7AAB9525CF2AAE00662058 /* Utils */,
				1A5B305325CF041900A1BDC5 /* DotaHeroesApp.swift */,
				1A5B305725CF041900A1BDC5 /* Assets.xcassets */,
				1A5B305C25CF041900A1BDC5 /* Info.plist */,
				1A5B305925CF041900A1BDC5 /* Preview Content */,
			);
			path = DotaHeroes;
			sourceTree = "<group>";
		};
		1A5B305925CF041900A1BDC5 /* Preview Content */ = {
			isa = PBXGroup;
			children = (
				1A5B305A25CF041900A1BDC5 /* Preview Assets.xcassets */,
			);
			path = "Preview Content";
			sourceTree = "<group>";
		};
		1A7AAB9525CF2AAE00662058 /* Utils */ = {
			isa = PBXGroup;
			children = (
				1A2209AF25CF3144004E6761 /* NavigationLazyView.swift */,
			);
			path = Utils;
			sourceTree = "<group>";
		};
		1A7AAB9625CF2AB000662058 /* ViewModel */ = {
			isa = PBXGroup;
			children = (
				1A5B308225CF1F8800A1BDC5 /* HeroViewModel.swift */,
				1A2209AC25CF2BE9004E6761 /* HeroCellViewModel.swift */,
			);
			path = ViewModel;
			sourceTree = "<group>";
		};
		1A7AAB9725CF2AB200662058 /* View */ = {
			isa = PBXGroup;
			children = (
				1A5B308625CF218100A1BDC5 /* HeroCell.swift */,
				1A9DB43525CF265800319FB4 /* HeroesMainView.swift */,
				1A2209B225CF31A3004E6761 /* HeroDetailView.swift */,
				1AA1ADED25D04A2B0041948C /* BarViews.swift */,
				1ABB0EFB25D05E2D00145442 /* HeroFilterButton.swift */,
				1ABB0EFE25D0723F00145442 /* SearchBar.swift */,
			);
			path = View;
			sourceTree = "<group>";
		};
		1A7AAB9825CF2AB500662058 /* Model */ = {
			isa = PBXGroup;
			children = (
				1A5B306725CF04C400A1BDC5 /* Hero.swift */,
			);
			path = Model;
			sourceTree = "<group>";
		};
/* End PBXGroup section */

/* Begin PBXNativeTarget section */
		1A5B304F25CF041900A1BDC5 /* DotaHeroes */ = {
			isa = PBXNativeTarget;
			buildConfigurationList = 1A5B305F25CF041900A1BDC5 /* Build configuration list for PBXNativeTarget "DotaHeroes" */;
			buildPhases = (
				1A5B304C25CF041900A1BDC5 /* Sources */,
				1A5B304D25CF041900A1BDC5 /* Frameworks */,
				1A5B304E25CF041900A1BDC5 /* Resources */,
			);
			buildRules = (
			);
			dependencies = (
			);
			name = DotaHeroes;
			packageProductDependencies = (
				1A5B308C25CF228E00A1BDC5 /* SDWebImageSwiftUI */,
			);
			productName = DotaHeroes;
			productReference = 1A5B305025CF041900A1BDC5 /* DotaHeroes.app */;
			productType = "com.apple.product-type.application";
		};
/* End PBXNativeTarget section */

/* Begin PBXProject section */
		1A5B304825CF041900A1BDC5 /* Project object */ = {
			isa = PBXProject;
			attributes = {
				LastSwiftUpdateCheck = 1240;
				LastUpgradeCheck = 1240;
				TargetAttributes = {
					1A5B304F25CF041900A1BDC5 = {
						CreatedOnToolsVersion = 12.4;
					};
				};
			};
			buildConfigurationList = 1A5B304B25CF041900A1BDC5 /* Build configuration list for PBXProject "DotaHeroes" */;
			compatibilityVersion = "Xcode 9.3";
			developmentRegion = en;
			hasScannedForEncodings = 0;
			knownRegions = (
				en,
				Base,
			);
			mainGroup = 1A5B304725CF041900A1BDC5;
			packageReferences = (
				1A5B308B25CF228E00A1BDC5 /* XCRemoteSwiftPackageReference "SDWebImageSwiftUI" */,
			);
			productRefGroup = 1A5B305125CF041900A1BDC5 /* Products */;
			projectDirPath = "";
			projectRoot = "";
			targets = (
				1A5B304F25CF041900A1BDC5 /* DotaHeroes */,
			);
		};
/* End PBXProject section */

/* Begin PBXResourcesBuildPhase section */
		1A5B304E25CF041900A1BDC5 /* Resources */ = {
			isa = PBXResourcesBuildPhase;
			buildActionMask = 2147483647;
			files = (
				1A5B305B25CF041900A1BDC5 /* Preview Assets.xcassets in Resources */,
				1A5B305825CF041900A1BDC5 /* Assets.xcassets in Resources */,
			);
			runOnlyForDeploymentPostprocessing = 0;
		};
/* End PBXResourcesBuildPhase section */

/* Begin PBXSourcesBuildPhase section */
		1A5B304C25CF041900A1BDC5 /* Sources */ = {
			isa = PBXSourcesBuildPhase;
			buildActionMask = 2147483647;
			files = (
				1A2209B025CF3144004E6761 /* NavigationLazyView.swift in Sources */,
				1ABB0EFC25D05E2D00145442 /* HeroFilterButton.swift in Sources */,
				1AA1ADEE25D04A2B0041948C /* BarViews.swift in Sources */,
				1A9DB43625CF265800319FB4 /* HeroesMainView.swift in Sources */,
				1A5B306825CF04C400A1BDC5 /* Hero.swift in Sources */,
				1A2209B325CF31A3004E6761 /* HeroDetailView.swift in Sources */,
				1A2209AD25CF2BE9004E6761 /* HeroCellViewModel.swift in Sources */,
				1A5B308325CF1F8800A1BDC5 /* HeroViewModel.swift in Sources */,
				1A5B308725CF218100A1BDC5 /* HeroCell.swift in Sources */,
				1ABB0EFF25D0723F00145442 /* SearchBar.swift in Sources */,
				1A5B305425CF041900A1BDC5 /* DotaHeroesApp.swift in Sources */,
			);
			runOnlyForDeploymentPostprocessing = 0;
		};
/* End PBXSourcesBuildPhase section */

/* Begin XCBuildConfiguration section */
		1A5B305D25CF041900A1BDC5 /* Debug */ = {
			isa = XCBuildConfiguration;
			buildSettings = {
				ALWAYS_SEARCH_USER_PATHS = NO;
				CLANG_ANALYZER_NONNULL = YES;
				CLANG_ANALYZER_NUMBER_OBJECT_CONVERSION = YES_AGGRESSIVE;
				CLANG_CXX_LANGUAGE_STANDARD = "gnu++14";
				CLANG_CXX_LIBRARY = "libc++";
				CLANG_ENABLE_MODULES = YES;
				CLANG_ENABLE_OBJC_ARC = YES;
				CLANG_ENABLE_OBJC_WEAK = YES;
				CLANG_WARN_BLOCK_CAPTURE_AUTORELEASING = YES;
				CLANG_WARN_BOOL_CONVERSION = YES;
				CLANG_WARN_COMMA = YES;
				CLANG_WARN_CONSTANT_CONVERSION = YES;
				CLANG_WARN_DEPRECATED_OBJC_IMPLEMENTATIONS = YES;
				CLANG_WARN_DIRECT_OBJC_ISA_USAGE = YES_ERROR;
				CLANG_WARN_DOCUMENTATION_COMMENTS = YES;
				CLANG_WARN_EMPTY_BODY = YES;
				CLANG_WARN_ENUM_CONVERSION = YES;
				CLANG_WARN_INFINITE_RECURSION = YES;
				CLANG_WARN_INT_CONVERSION = YES;
				CLANG_WARN_NON_LITERAL_NULL_CONVERSION = YES;
				CLANG_WARN_OBJC_IMPLICIT_RETAIN_SELF = YES;
				CLANG_WARN_OBJC_LITERAL_CONVERSION = YES;
				CLANG_WARN_OBJC_ROOT_CLASS = YES_ERROR;
				CLANG_WARN_QUOTED_INCLUDE_IN_FRAMEWORK_HEADER = YES;
				CLANG_WARN_RANGE_LOOP_ANALYSIS = YES;
				CLANG_WARN_STRICT_PROTOTYPES = YES;
				CLANG_WARN_SUSPICIOUS_MOVE = YES;
				CLANG_WARN_UNGUARDED_AVAILABILITY = YES_AGGRESSIVE;
				CLANG_WARN_UNREACHABLE_CODE = YES;
				CLANG_WARN__DUPLICATE_METHOD_MATCH = YES;
				COPY_PHASE_STRIP = NO;
				DEBUG_INFORMATION_FORMAT = dwarf;
				ENABLE_STRICT_OBJC_MSGSEND = YES;
				ENABLE_TESTABILITY = YES;
				GCC_C_LANGUAGE_STANDARD = gnu11;
				GCC_DYNAMIC_NO_PIC = NO;
				GCC_NO_COMMON_BLOCKS = YES;
				GCC_OPTIMIZATION_LEVEL = 0;
				GCC_PREPROCESSOR_DEFINITIONS = (
					"DEBUG=1",
					"$(inherited)",
				);
				GCC_WARN_64_TO_32_BIT_CONVERSION = YES;
				GCC_WARN_ABOUT_RETURN_TYPE = YES_ERROR;
				GCC_WARN_UNDECLARED_SELECTOR = YES;
				GCC_WARN_UNINITIALIZED_AUTOS = YES_AGGRESSIVE;
				GCC_WARN_UNUSED_FUNCTION = YES;
				GCC_WARN_UNUSED_VARIABLE = YES;
				IPHONEOS_DEPLOYMENT_TARGET = 14.4;
				MTL_ENABLE_DEBUG_INFO = INCLUDE_SOURCE;
				MTL_FAST_MATH = YES;
				ONLY_ACTIVE_ARCH = YES;
				SDKROOT = iphoneos;
				SWIFT_ACTIVE_COMPILATION_CONDITIONS = DEBUG;
				SWIFT_OPTIMIZATION_LEVEL = "-Onone";
			};
			name = Debug;
		};
		1A5B305E25CF041900A1BDC5 /* Release */ = {
			isa = XCBuildConfiguration;
			buildSettings = {
				ALWAYS_SEARCH_USER_PATHS = NO;
				CLANG_ANALYZER_NONNULL = YES;
				CLANG_ANALYZER_NUMBER_OBJECT_CONVERSION = YES_AGGRESSIVE;
				CLANG_CXX_LANGUAGE_STANDARD = "gnu++14";
				CLANG_CXX_LIBRARY = "libc++";
				CLANG_ENABLE_MODULES = YES;
				CLANG_ENABLE_OBJC_ARC = YES;
				CLANG_ENABLE_OBJC_WEAK = YES;
				CLANG_WARN_BLOCK_CAPTURE_AUTORELEASING = YES;
				CLANG_WARN_BOOL_CONVERSION = YES;
				CLANG_WARN_COMMA = YES;
				CLANG_WARN_CONSTANT_CONVERSION = YES;
				CLANG_WARN_DEPRECATED_OBJC_IMPLEMENTATIONS = YES;
				CLANG_WARN_DIRECT_OBJC_ISA_USAGE = YES_ERROR;
				CLANG_WARN_DOCUMENTATION_COMMENTS = YES;
				CLANG_WARN_EMPTY_BODY = YES;
				CLANG_WARN_ENUM_CONVERSION = YES;
				CLANG_WARN_INFINITE_RECURSION = YES;
				CLANG_WARN_INT_CONVERSION = YES;
				CLANG_WARN_NON_LITERAL_NULL_CONVERSION = YES;
				CLANG_WARN_OBJC_IMPLICIT_RETAIN_SELF = YES;
				CLANG_WARN_OBJC_LITERAL_CONVERSION = YES;
				CLANG_WARN_OBJC_ROOT_CLASS = YES_ERROR;
				CLANG_WARN_QUOTED_INCLUDE_IN_FRAMEWORK_HEADER = YES;
				CLANG_WARN_RANGE_LOOP_ANALYSIS = YES;
				CLANG_WARN_STRICT_PROTOTYPES = YES;
				CLANG_WARN_SUSPICIOUS_MOVE = YES;
				CLANG_WARN_UNGUARDED_AVAILABILITY = YES_AGGRESSIVE;
				CLANG_WARN_UNREACHABLE_CODE = YES;
				CLANG_WARN__DUPLICATE_METHOD_MATCH = YES;
				COPY_PHASE_STRIP = NO;
				DEBUG_INFORMATION_FORMAT = "dwarf-with-dsym";
				ENABLE_NS_ASSERTIONS = NO;
				ENABLE_STRICT_OBJC_MSGSEND = YES;
				GCC_C_LANGUAGE_STANDARD = gnu11;
				GCC_NO_COMMON_BLOCKS = YES;
				GCC_WARN_64_TO_32_BIT_CONVERSION = YES;
				GCC_WARN_ABOUT_RETURN_TYPE = YES_ERROR;
				GCC_WARN_UNDECLARED_SELECTOR = YES;
				GCC_WARN_UNINITIALIZED_AUTOS = YES_AGGRESSIVE;
				GCC_WARN_UNUSED_FUNCTION = YES;
				GCC_WARN_UNUSED_VARIABLE = YES;
				IPHONEOS_DEPLOYMENT_TARGET = 14.4;
				MTL_ENABLE_DEBUG_INFO = NO;
				MTL_FAST_MATH = YES;
				SDKROOT = iphoneos;
				SWIFT_COMPILATION_MODE = wholemodule;
				SWIFT_OPTIMIZATION_LEVEL = "-O";
				VALIDATE_PRODUCT = YES;
			};
			name = Release;
		};
		1A5B306025CF041900A1BDC5 /* Debug */ = {
			isa = XCBuildConfiguration;
			buildSettings = {
				ASSETCATALOG_COMPILER_APPICON_NAME = AppIcon;
				ASSETCATALOG_COMPILER_GLOBAL_ACCENT_COLOR_NAME = AccentColor;
				CODE_SIGN_STYLE = Automatic;
				DEVELOPMENT_ASSET_PATHS = "\"DotaHeroes/Preview Content\"";
				DEVELOPMENT_TEAM = 6Z8NYW2LWY;
				ENABLE_PREVIEWS = YES;
				INFOPLIST_FILE = DotaHeroes/Info.plist;
				IPHONEOS_DEPLOYMENT_TARGET = 14.0;
				LD_RUNPATH_SEARCH_PATHS = (
					"$(inherited)",
					"@executable_path/Frameworks",
				);
				PRODUCT_BUNDLE_IDENTIFIER = com.miguelplanckensteiner.DotaHeroes;
				PRODUCT_NAME = "$(TARGET_NAME)";
				SWIFT_VERSION = 5.0;
				TARGETED_DEVICE_FAMILY = 1;
			};
			name = Debug;
		};
		1A5B306125CF041900A1BDC5 /* Release */ = {
			isa = XCBuildConfiguration;
			buildSettings = {
				ASSETCATALOG_COMPILER_APPICON_NAME = AppIcon;
				ASSETCATALOG_COMPILER_GLOBAL_ACCENT_COLOR_NAME = AccentColor;
				CODE_SIGN_STYLE = Automatic;
				DEVELOPMENT_ASSET_PATHS = "\"DotaHeroes/Preview Content\"";
				DEVELOPMENT_TEAM = 6Z8NYW2LWY;
				ENABLE_PREVIEWS = YES;
				INFOPLIST_FILE = DotaHeroes/Info.plist;
				IPHONEOS_DEPLOYMENT_TARGET = 14.0;
				LD_RUNPATH_SEARCH_PATHS = (
					"$(inherited)",
					"@executable_path/Frameworks",
				);
				PRODUCT_BUNDLE_IDENTIFIER = com.miguelplanckensteiner.DotaHeroes;
				PRODUCT_NAME = "$(TARGET_NAME)";
				SWIFT_VERSION = 5.0;
				TARGETED_DEVICE_FAMILY = 1;
			};
			name = Release;
		};
/* End XCBuildConfiguration section */

/* Begin XCConfigurationList section */
		1A5B304B25CF041900A1BDC5 /* Build configuration list for PBXProject "DotaHeroes" */ = {
			isa = XCConfigurationList;
			buildConfigurations = (
				1A5B305D25CF041900A1BDC5 /* Debug */,
				1A5B305E25CF041900A1BDC5 /* Release */,
			);
			defaultConfigurationIsVisible = 0;
			defaultConfigurationName = Release;
		};
		1A5B305F25CF041900A1BDC5 /* Build configuration list for PBXNativeTarget "DotaHeroes" */ = {
			isa = XCConfigurationList;
			buildConfigurations = (
				1A5B306025CF041900A1BDC5 /* Debug */,
				1A5B306125CF041900A1BDC5 /* Release */,
			);
			defaultConfigurationIsVisible = 0;
			defaultConfigurationName = Release;
		};
/* End XCConfigurationList section */

/* Begin XCRemoteSwiftPackageReference section */
		1A5B308B25CF228E00A1BDC5 /* XCRemoteSwiftPackageReference "SDWebImageSwiftUI" */ = {
			isa = XCRemoteSwiftPackageReference;
			repositoryURL = "https://github.com/SDWebImage/SDWebImageSwiftUI";
			requirement = {
				kind = upToNextMajorVersion;
				minimumVersion = 1.5.0;
			};
		};
/* End XCRemoteSwiftPackageReference section */

/* Begin XCSwiftPackageProductDependency section */
		1A5B308C25CF228E00A1BDC5 /* SDWebImageSwiftUI */ = {
			isa = XCSwiftPackageProductDependency;
			package = 1A5B308B25CF228E00A1BDC5 /* XCRemoteSwiftPackageReference "SDWebImageSwiftUI" */;
			productName = SDWebImageSwiftUI;
		};
/* End XCSwiftPackageProductDependency section */
	};
	rootObject = 1A5B304825CF041900A1BDC5 /* Project object */;
}
